
Microsoft Visual Studio Solution File, Format Version 11.00
# Visual Studio 2010
Project("{FAE04EC0-301F-11D3-BF4B-00C04F79EFBC}") = "Assembly-CSharp", "Assembly-CSharp.csproj", "{2b55942c-632d-5316-1208-543b911cabea}"
EndProject
Project("{FAE04EC0-301F-11D3-BF4B-00C04F79EFBC}") = "Assembly-CSharp-Editor", "Assembly-CSharp-Editor.csproj", "{a479af25-87d9-bae2-edab-a790973962eb}"
EndProject
Global
	GlobalSection(SolutionConfigurationPlatforms) = preSolution
		Debug|Any CPU = Debug|Any CPU
	EndGlobalSection
	GlobalSection(ProjectConfigurationPlatforms) = postSolution
		{2b55942c-632d-5316-1208-543b911cabea}.Debug|Any CPU.ActiveCfg = Debug|Any CPU
		{2b55942c-632d-5316-1208-543b911cabea}.Debug|Any CPU.Build.0 = Debug|Any CPU
		{a479af25-87d9-bae2-edab-a790973962eb}.Debug|Any CPU.ActiveCfg = Debug|Any CPU
		{a479af25-87d9-bae2-edab-a790973962eb}.Debug|Any CPU.Build.0 = Debug|Any CPU
	EndGlobalSection
	GlobalSection(SolutionProperties) = preSolution
		HideSolutionNode = FALSE
	EndGlobalSection
EndGlobal
